#MicroXplorer Configuration settings - do not modify
#Tue Nov 17 00:04:21 CET 2015
ADC1.Channel-0\#ChannelRegularConversion=ADC_CHANNEL_8
ADC1.IPParameters=NbrOfConversionFlag,Channel-0\#ChannelRegularConversion,master
ADC1.NbrOfConversionFlag=1
ADC1.master=1
ADC3.Channel-0\#ChannelRegularConversion=ADC_CHANNEL_1
ADC3.IPParameters=NbrOfConversionFlag,Channel-0\#ChannelRegularConversion,Offset-0\#ChannelRegularConversion,SamplingTime-0\#ChannelRegularConversion,Rank-0\#ChannelRegularConversion,OffsetNumber-0\#ChannelRegularConversion,master
ADC3.NbrOfConversionFlag=1
ADC3.Offset-0\#ChannelRegularConversion=0
ADC3.OffsetNumber-0\#ChannelRegularConversion=ADC_OFFSET_NONE
ADC3.Rank-0\#ChannelRegularConversion=1
ADC3.SamplingTime-0\#ChannelRegularConversion=ADC_SAMPLETIME_1CYCLE_5
ADC3.master=1
File.Version=4
KeepUserPlacement=true
Mcu.Family=STM32F3
Mcu.IP0=ADC1
Mcu.IP1=ADC3
Mcu.IP10=USART1
Mcu.IP11=USART2
Mcu.IP12=USART3
Mcu.IP13=USB
Mcu.IP2=DAC
Mcu.IP3=NVIC
Mcu.IP4=RCC
Mcu.IP5=SPI1
Mcu.IP6=SPI2
Mcu.IP7=SYS
Mcu.IP8=TIM3
Mcu.IP9=TIM4
Mcu.IPNb=14
Mcu.Name=STM32F303R(B-C)Tx
Mcu.Package=LQFP64
Mcu.Pin0=PC15-OSC32_OUT
Mcu.Pin1=PF0-OSC_IN
Mcu.Pin10=PA7
Mcu.Pin11=PB0
Mcu.Pin12=PB1
Mcu.Pin13=PB12
Mcu.Pin14=PB13
Mcu.Pin15=PB14
Mcu.Pin16=PB15
Mcu.Pin17=PC6
Mcu.Pin18=PC7
Mcu.Pin19=PC8
Mcu.Pin2=PF1-OSC_OUT
Mcu.Pin20=PA9
Mcu.Pin21=PA10
Mcu.Pin22=PA11
Mcu.Pin23=PA12
Mcu.Pin24=PA13
Mcu.Pin25=PA14
Mcu.Pin26=PA15
Mcu.Pin27=PC10
Mcu.Pin28=PC11
Mcu.Pin29=PC12
Mcu.Pin3=PC1
Mcu.Pin30=PB3
Mcu.Pin31=PB4
Mcu.Pin32=PB6
Mcu.Pin33=PB7
Mcu.Pin34=PB8
Mcu.Pin35=PB9
Mcu.Pin4=PC2
Mcu.Pin5=PC3
Mcu.Pin6=PF4
Mcu.Pin7=PA4
Mcu.Pin8=PA5
Mcu.Pin9=PA6
Mcu.PinsNb=36
Mcu.UserName=STM32F303R(B-C)Tx
NVIC.PriorityGroup=NVIC_PRIORITYGROUP_0
NVIC.SysTick_IRQn=true\:0\:0
PA10.GPIOParameters=GPIO_Speed,GPIO_PuPd,GPIO_OType,GPIO_Mode
PA10.GPIO_Mode=GPIO_MODE_AF_PP
PA10.GPIO_OType=N/A
PA10.GPIO_PuPd=GPIO_NOPULL
PA10.GPIO_Speed=N/A
PA10.Mode=Asynchronous
PA10.Signal=USART1_RX
PA11.Mode=Device
PA11.Signal=USB_DM
PA12.Mode=Device
PA12.Signal=USB_DP
PA13.Mode=Serial-Wire
PA13.Signal=SYS_JTMS-SWDIO
PA14.Mode=Serial-Wire
PA14.Signal=SYS_JTCK-SWCLK
PA15.Mode=NSS_Signal_Hard
PA15.Signal=SPI1_NSS
PA4.GPIOParameters=GPIO_PuPd,GPIO_Label,GPIO_Mode
PA4.GPIO_Label=KNOCK_OFFSET
PA4.GPIO_Mode=GPIO_MODE_ANALOG
PA4.GPIO_PuPd=GPIO_NOPULL
PA4.Signal=COMP_DAC1_group
PA5.Mode=Full_Duplex_Master
PA5.Signal=SPI1_SCK
PA6.Mode=Full_Duplex_Master
PA6.Signal=SPI1_MISO
PA7.Mode=Full_Duplex_Master
PA7.Signal=SPI1_MOSI
PA9.GPIOParameters=GPIO_Speed,GPIO_PuPd,GPIO_OType,GPIO_Mode
PA9.GPIO_Mode=GPIO_MODE_AF_PP
PA9.GPIO_OType=N/A
PA9.GPIO_PuPd=GPIO_NOPULL
PA9.GPIO_Speed=N/A
PA9.Mode=Asynchronous
PA9.Signal=USART1_TX
PB0.GPIOParameters=GPIO_Speed,GPIO_PuPd,GPIO_Label,GPIO_ModeDefaultOutputPP
PB0.GPIO_Label=SCS_TRIG
PB0.GPIO_ModeDefaultOutputPP=GPIO_MODE_OUTPUT_PP
PB0.GPIO_PuPd=GPIO_NOPULL
PB0.GPIO_Speed=GPIO_SPEED_LOW
PB0.Signal=GPIO_Output
PB1.GPIOParameters=GPIO_PuPd,GPIO_Label,GPIO_Mode
PB1.GPIO_Label=KNK_AN
PB1.GPIO_Mode=GPIO_MODE_ANALOG
PB1.GPIO_PuPd=GPIO_NOPULL
PB1.Locked=true
PB1.Mode=IN1-Single-Ended
PB1.Signal=ADC3_IN1
PB12.Mode=NSS_Signal_Hard
PB12.Signal=SPI2_NSS
PB13.Mode=Full_Duplex_Master
PB13.Signal=SPI2_SCK
PB14.Mode=Full_Duplex_Master
PB14.Signal=SPI2_MISO
PB15.Mode=Full_Duplex_Master
PB15.Signal=SPI2_MOSI
PB3.Mode=Asynchronous
PB3.Signal=USART2_TX
PB4.Mode=Asynchronous
PB4.Signal=USART2_RX
PB6.GPIOParameters=GPIO_ModeDefaultPP,GPIO_Speed,GPIO_FM6,GPIO_PuPd,GPIO_Label
PB6.GPIO_FM6=__NULL
PB6.GPIO_Label=LED1
PB6.GPIO_ModeDefaultPP=GPIO_MODE_AF_PP
PB6.GPIO_PuPd=GPIO_NOPULL
PB6.GPIO_Speed=GPIO_SPEED_LOW
PB6.Locked=true
PB6.Signal=S_TIM4_CH1
PB7.GPIOParameters=GPIO_ModeDefaultPP,GPIO_Speed,GPIO_PuPd,GPIO_Label,GPIO_FM7
PB7.GPIO_FM7=__NULL
PB7.GPIO_Label=LED2
PB7.GPIO_ModeDefaultPP=GPIO_MODE_AF_PP
PB7.GPIO_PuPd=GPIO_NOPULL
PB7.GPIO_Speed=GPIO_SPEED_LOW
PB7.Locked=true
PB7.Signal=S_TIM4_CH2
PB8.GPIOParameters=GPIO_Speed,GPIO_PuPd,GPIO_FM8,GPIO_Mode
PB8.GPIO_FM8=__NULL
PB8.GPIO_Mode=GPIO_MODE_AF_PP
PB8.GPIO_PuPd=GPIO_NOPULL
PB8.GPIO_Speed=GPIO_SPEED_MEDIUM
PB8.Locked=true
PB8.Signal=CAN_RX
PB9.GPIOParameters=GPIO_Speed,GPIO_PuPd,GPIO_Mode,GPIO_FM9
PB9.GPIO_FM9=__NULL
PB9.GPIO_Mode=GPIO_MODE_AF_PP
PB9.GPIO_PuPd=GPIO_NOPULL
PB9.GPIO_Speed=GPIO_SPEED_MEDIUM
PB9.Locked=true
PB9.Signal=CAN_TX
PC1.GPIOParameters=GPIO_PuPd,GPIO_Label,GPIO_Mode
PC1.GPIO_Label=AN0
PC1.GPIO_Mode=GPIO_MODE_ANALOG
PC1.GPIO_PuPd=GPIO_NOPULL
PC1.Mode=IN7-Single-Ended
PC1.Signal=ADC1_IN7
PC10.Mode=Asynchronous
PC10.Signal=USART3_TX
PC11.Mode=Asynchronous
PC11.Signal=USART3_RX
PC12.GPIOParameters=GPIO_Speed,GPIO_PuPd,GPIO_Label,GPIO_ModeDefaultOutputPP
PC12.GPIO_Label=KLINE-CS
PC12.GPIO_ModeDefaultOutputPP=GPIO_MODE_OUTPUT_PP
PC12.GPIO_PuPd=GPIO_NOPULL
PC12.GPIO_Speed=GPIO_SPEED_LOW
PC12.Signal=GPIO_Output
PC15-OSC32_OUT.GPIOParameters=GPIO_PuPd,GPIO_Label,GPIO_Mode
PC15-OSC32_OUT.GPIO_Label=USB_DETECT
PC15-OSC32_OUT.GPIO_Mode=GPIO_MODE_INPUT
PC15-OSC32_OUT.GPIO_PuPd=GPIO_NOPULL
PC15-OSC32_OUT.Signal=GPIO_Input
PC2.GPIOParameters=GPIO_PuPd,GPIO_Label,GPIO_Mode
PC2.GPIO_Label=AN1
PC2.GPIO_Mode=GPIO_MODE_ANALOG
PC2.GPIO_PuPd=GPIO_NOPULL
PC2.Mode=IN8-Single-Ended
PC2.Signal=ADC1_IN8
PC3.GPIOParameters=GPIO_PuPd,GPIO_Label,GPIO_Mode
PC3.GPIO_Label=AN2
PC3.GPIO_Mode=GPIO_MODE_ANALOG
PC3.GPIO_PuPd=GPIO_NOPULL
PC3.Mode=IN9-Single-Ended
PC3.Signal=ADC1_IN9
PC6.GPIOParameters=GPIO_Label
PC6.GPIO_Label=FREQ2_IN
PC6.Locked=true
PC6.Signal=S_TIM3_CH1
PC7.GPIOParameters=GPIO_Label
PC7.GPIO_Label=FREQ1_IN
PC7.Locked=true
PC7.Signal=S_TIM3_CH2
PC8.GPIOParameters=GPIO_Speed,GPIO_PuPd,GPIO_Label,GPIO_ModeDefaultOutputPP
PC8.GPIO_Label=USB_CTRL
PC8.GPIO_ModeDefaultOutputPP=GPIO_MODE_OUTPUT_OD
PC8.GPIO_PuPd=GPIO_NOPULL
PC8.GPIO_Speed=GPIO_SPEED_LOW
PC8.Signal=GPIO_Output
PCC.Family=STM32F3
PCC.MCU=STM32F303R(B-C)Tx
PCC.MXVersion=4.3.1
PCC.PartNumber=STM32F303RBTx
PCC.Seq0=1
PCC.Seq0.Step0.Average_Current=84.87 mA
PCC.Seq0.Step0.CPU_Frequency=72.0 MHz
PCC.Seq0.Step0.DMIPS=63.0
PCC.Seq0.Step0.Duration=1 s
PCC.Seq0.Step0.Frequency=8.0 MHz
PCC.Seq0.Step0.Memory=FLASH
PCC.Seq0.Step0.Mode=RUN
PCC.Seq0.Step0.Oscillator=HSE PLL_ON
PCC.Seq0.Step0.Peripherals=ADC1 ADC2 ADC3 ADC4 APB1-Bridge APB2-Bridge BusMatrix CAN CRC DAC DMA1 DMA2 GPIOA GPIOB GPIOC GPIOD GPIOF I2C1 I2C2 PWR SPI1 SPI2 SPI3 SYSCFG TIM1 TIM2 TIM3 TIM4 TIM6 TIM7 TIM8 TIM15 TIM16 TIM17 TSC UART4 UART5 USART1 USART2 USART3 USB WWDG
PCC.Seq0.Step0.User's_Consumption=0 mA
PCC.Seq0.Step0.Vcore=No Scale
PCC.SubFamily=STM32F303
PCC.Temperature=25
PCC.Vdd=3.6
PF0-OSC_IN.Mode=HSE-External-Oscillator
PF0-OSC_IN.Signal=RCC_OSC_IN
PF1-OSC_OUT.Mode=HSE-External-Oscillator
PF1-OSC_OUT.Signal=RCC_OSC_OUT
PF4.GPIOParameters=GPIO_PuPd,GPIO_Label,GPIO_Mode
PF4.GPIO_Label=BUTTON1
PF4.GPIO_Mode=GPIO_MODE_INPUT
PF4.GPIO_PuPd=GPIO_NOPULL
PF4.Locked=true
PF4.Signal=GPIO_Input
RCC.ADC12PRES=RCC_ADC12PLLCLK_DIV64
RCC.ADC34PRES=RCC_ADC34PLLCLK_DIV32
RCC.APB1CLKDivider=RCC_HCLK_DIV2
RCC.FamilyName=M
RCC.HSE_VALUE=8000000
RCC.HSI_VALUE=8000000
RCC.IPParameters=,PLLSource,PLLMUL,LSI_VALUE,FamilyName,APB1CLKDivider,PRESCALERUSB,ADC12PRES,SYSCLKSource,LSE_VALUE,HSE_VALUE,ADC34PRES,HSI_VALUE
RCC.LSE_VALUE=32768
RCC.LSI_VALUE=40000
RCC.PLLMUL=RCC_PLL_MUL9
RCC.PLLSource=RCC_PLLSOURCE_HSE
RCC.PRESCALERUSB=RCC_USBPLLCLK_DIV1_5
RCC.SYSCLKSource=RCC_SYSCLKSOURCE_PLLCLK
SH.COMP_DAC1_group.0=DAC_OUT1,DAC_OUT1
SH.COMP_DAC1_group.ConfNb=1
SH.S_TIM3_CH1.0=TIM3_CH1,Input_Capture1_from_TI1
SH.S_TIM3_CH1.ConfNb=1
SH.S_TIM3_CH2.0=TIM3_CH2,Input_Capture2_from_TI2
SH.S_TIM3_CH2.ConfNb=1
SH.S_TIM4_CH1.0=TIM4_CH1,Input_Capture1_from_TI1
SH.S_TIM4_CH1.ConfNb=1
SH.S_TIM4_CH2.0=TIM4_CH2,Input_Capture2_from_TI2
SH.S_TIM4_CH2.ConfNb=1
SPI1.IPParameters=Mode-Full_Duplex_Master,VirtualNSS
SPI1.Mode-Full_Duplex_Master=SPI_MODE_MASTER
SPI1.VirtualNSS=VM_NSSHARD
SPI2.CalculateBaudRate-Full_Duplex_Master=18.0 MBits/s
SPI2.IPParameters=Mode-Full_Duplex_Master,CalculateBaudRate-Full_Duplex_Master,VirtualNSS
SPI2.Mode-Full_Duplex_Master=SPI_MODE_MASTER
SPI2.VirtualNSS=VM_NSSHARD
TIM3.Channel-Input_Capture2_from_TI2=TIM_CHANNEL_2
TIM3.IPParameters=Channel-Input_Capture2_from_TI2
TIM4.Channel-Input_Capture2_from_TI2=TIM_CHANNEL_2
TIM4.IPParameters=Channel-Input_Capture2_from_TI2
