#MicroXplorer Configuration settings - do not modify
#Thu Aug 21 03:43:31 CEST 2014
ADC1.Channel-0\#ChannelRegularConversion=ADC_CHANNEL_8
ADC1.IPParameters=Rank-0\#ChannelRegularConversion,SamplingTime-0\#ChannelRegularConversion,OffsetNumber-0\#ChannelRegularConversion,Offset-0\#ChannelRegularConversion,Channel-0\#ChannelRegularConversion,master,NbrOfConversionFlag
ADC1.NbrOfConversionFlag=1
ADC1.Offset-0\#ChannelRegularConversion=0
ADC1.OffsetNumber-0\#ChannelRegularConversion=ADC_OFFSET_NONE
ADC1.Rank-0\#ChannelRegularConversion=1
ADC1.SamplingTime-0\#ChannelRegularConversion=ADC_SAMPLETIME_1CYCLE_5
ADC1.master=1
ADC3.Channel-0\#ChannelRegularConversion=ADC_CHANNEL_1
ADC3.IPParameters=Rank-0\#ChannelRegularConversion,SamplingTime-0\#ChannelRegularConversion,OffsetNumber-0\#ChannelRegularConversion,Offset-0\#ChannelRegularConversion,Channel-0\#ChannelRegularConversion,master,NbrOfConversionFlag
ADC3.NbrOfConversionFlag=1
ADC3.Offset-0\#ChannelRegularConversion=0
ADC3.OffsetNumber-0\#ChannelRegularConversion=ADC_OFFSET_NONE
ADC3.Rank-0\#ChannelRegularConversion=1
ADC3.SamplingTime-0\#ChannelRegularConversion=ADC_SAMPLETIME_1CYCLE_5
ADC3.master=1
File.Version=4
KeepUserPlacement=true
Mcu.Family=STM32F3
Mcu.IP0=ADC1
Mcu.IP1=ADC3
Mcu.IP10=USART2
Mcu.IP11=USART3
Mcu.IP12=USB
Mcu.IP2=DAC
Mcu.IP3=NVIC
Mcu.IP4=RCC
Mcu.IP5=SPI2
Mcu.IP6=SYS
Mcu.IP7=TIM2
Mcu.IP8=TIM3
Mcu.IP9=USART1
Mcu.IPNb=13
Mcu.Name=STM32F303R(B-C)Tx
Mcu.Package=LQFP64
Mcu.Pin0=PC13
Mcu.Pin1=PC14-OSC32_IN
Mcu.Pin10=PA4
Mcu.Pin11=PA7
Mcu.Pin12=PB0
Mcu.Pin13=PB1
Mcu.Pin14=PB12
Mcu.Pin15=PB13
Mcu.Pin16=PB14
Mcu.Pin17=PB15
Mcu.Pin18=PC6
Mcu.Pin19=PC7
Mcu.Pin2=PC15-OSC32_OUT
Mcu.Pin20=PC8
Mcu.Pin21=PA9
Mcu.Pin22=PA10
Mcu.Pin23=PA11
Mcu.Pin24=PA12
Mcu.Pin25=PA13
Mcu.Pin26=PA14
Mcu.Pin27=PC10
Mcu.Pin28=PC11
Mcu.Pin29=PC12
Mcu.Pin3=PF0-OSC_IN
Mcu.Pin30=PB3
Mcu.Pin31=PB4
Mcu.Pin32=PB8
Mcu.Pin33=PB9
Mcu.Pin4=PF1-OSC_OUT
Mcu.Pin5=PC1
Mcu.Pin6=PC2
Mcu.Pin7=PC3
Mcu.Pin8=PA2
Mcu.Pin9=PA3
Mcu.PinsNb=34
Mcu.UserName=STM32F303R(B-C)Tx
NVIC.PriorityGroup=NVIC_PRIORITYGROUP_0
NVIC.SysTick_IRQn=true\:0\:0
PA10.GPIOParameters=GPIO_Speed,GPIO_OType
PA10.GPIO_OType=N/A
PA10.GPIO_Speed=N/A
PA10.Mode=Asynchronous
PA10.Signal=USART1_RX
PA11.Mode=Device
PA11.Signal=USB_DM
PA12.Mode=Device
PA12.Signal=USB_DP
PA13.Mode=Serial-Wire
PA13.Signal=SYS_JTMS-SWDIO
PA14.Mode=Serial-Wire
PA14.Signal=SYS_JTCK-SWCLK
PA2.GPIOParameters=GPIO_Label
PA2.GPIO_Label=LED1
PA2.Locked=true
PA2.Signal=S_TIM2_CH3
PA3.GPIOParameters=GPIO_Label
PA3.GPIO_Label=LED2
PA3.Locked=true
PA3.Signal=S_TIM2_CH4
PA4.GPIOParameters=GPIO_Label
PA4.GPIO_Label=KNOCK_OFFSET
PA4.Signal=COMP_DAC1_group
PA7.GPIOParameters=GPIO_Label
PA7.GPIO_Label=RELAY_OUT
PA7.Signal=GPIO_Output
PA9.GPIOParameters=GPIO_Speed,GPIO_OType
PA9.GPIO_OType=N/A
PA9.GPIO_Speed=N/A
PA9.Mode=Asynchronous
PA9.Signal=USART1_TX
PB0.GPIOParameters=GPIO_Label
PB0.GPIO_Label=SCS_TRIG
PB0.Signal=GPIO_Output
PB1.GPIOParameters=GPIO_Label
PB1.GPIO_Label=KNOCK_AN
PB1.Mode=IN1-Single-Ended
PB1.Signal=ADC3_IN1
PB12.Mode=NSS_Signal_Hard
PB12.Signal=SPI2_NSS
PB13.Mode=Full_Duplex_Master
PB13.Signal=SPI2_SCK
PB14.Mode=Full_Duplex_Master
PB14.Signal=SPI2_MISO
PB15.Mode=Full_Duplex_Master
PB15.Signal=SPI2_MOSI
PB3.Mode=Asynchronous
PB3.Signal=USART2_TX
PB4.Mode=Asynchronous
PB4.Signal=USART2_RX
PB8.Locked=true
PB8.Signal=CAN_RX
PB9.Locked=true
PB9.Signal=CAN_TX
PC1.GPIOParameters=GPIO_Label
PC1.GPIO_Label=AN0
PC1.Mode=IN7-Single-Ended
PC1.Signal=ADC1_IN7
PC10.Mode=Asynchronous
PC10.Signal=USART3_TX
PC11.Mode=Asynchronous
PC11.Signal=USART3_RX
PC12.GPIOParameters=GPIO_Label
PC12.GPIO_Label=KLINE-CS
PC12.Signal=GPIO_Output
PC13.GPIOParameters=GPIO_Label
PC13.GPIO_Label=BUTTON1
PC13.Signal=GPIO_Input
PC14-OSC32_IN.GPIOParameters=GPIO_Label
PC14-OSC32_IN.GPIO_Label=BUTTON2
PC14-OSC32_IN.Locked=true
PC14-OSC32_IN.Signal=GPIO_Input
PC15-OSC32_OUT.GPIOParameters=GPIO_Label
PC15-OSC32_OUT.GPIO_Label=USB_DETECT
PC15-OSC32_OUT.Signal=GPIO_Input
PC2.GPIOParameters=GPIO_Label
PC2.GPIO_Label=AN1
PC2.Mode=IN8-Single-Ended
PC2.Signal=ADC1_IN8
PC3.GPIOParameters=GPIO_Label
PC3.GPIO_Label=AN2
PC3.Mode=IN9-Single-Ended
PC3.Signal=ADC1_IN9
PC6.GPIOParameters=GPIO_Label
PC6.GPIO_Label=FREQ2_IN
PC6.Signal=S_TIM3_CH1
PC7.GPIOParameters=GPIO_Label
PC7.GPIO_Label=FREQ1_IN
PC7.Signal=S_TIM3_CH2
PC8.GPIOParameters=GPIO_Label
PC8.GPIO_Label=USB_CTRL
PC8.Signal=GPIO_Output
PCC.Family=STM32F3
PCC.MCU=STM32F303R(B-C)Tx
PCC.MXVersion=4.3.0
PCC.PartNumber=STM32F303RBTx
PCC.Seq0=0
PCC.SubFamily=STM32F303
PCC.Temperature=25
PCC.Vdd=3.6
PF0-OSC_IN.Mode=HSE-External-Oscillator
PF0-OSC_IN.Signal=RCC_OSC_IN
PF1-OSC_OUT.Mode=HSE-External-Oscillator
PF1-OSC_OUT.Signal=RCC_OSC_OUT
RCC.FamilyName=M
RCC.HSE_VALUE=8000000
RCC.HSI_VALUE=8000000
RCC.IPParameters=,FamilyName,LSE_VALUE,HSE_VALUE,HSI_VALUE,LSI_VALUE
RCC.LSE_VALUE=32768
RCC.LSI_VALUE=40000
SH.COMP_DAC1_group.0=DAC_OUT1,DAC_OUT1
SH.COMP_DAC1_group.ConfNb=1
SH.S_TIM2_CH3.0=TIM2_CH3,PWM Generation3 CH3
SH.S_TIM2_CH3.ConfNb=1
SH.S_TIM2_CH4.0=TIM2_CH4,PWM Generation4 CH4
SH.S_TIM2_CH4.ConfNb=1
SH.S_TIM3_CH1.0=TIM3_CH1,Encoder_Interface
SH.S_TIM3_CH1.ConfNb=1
SH.S_TIM3_CH2.0=TIM3_CH2,Encoder_Interface
SH.S_TIM3_CH2.ConfNb=1
SPI2.CalculateBaudRate-Full_Duplex_Master=4.0 MBits/s
SPI2.IPParameters=CalculateBaudRate-Full_Duplex_Master,VirtualNSS,Mode-Full_Duplex_Master
SPI2.Mode-Full_Duplex_Master=SPI_MODE_MASTER
SPI2.VirtualNSS=VM_NSSHARD
TIM2.Channel-PWM\ Generation3\ CH3=TIM_CHANNEL_3
TIM2.Channel-PWM\ Generation4\ CH4=TIM_CHANNEL_4
TIM2.IPParameters=Channel-PWM Generation4 CH4,Channel-PWM Generation3 CH3
