#MicroXplorer Configuration settings - do not modify
#Mon Mar 24 00:24:31 CET 2014
File.Version=1
KeepUserPlacement=true
Mcu.Family=STM32F3
Mcu.IP0=ADC1
Mcu.IP1=ADC3
Mcu.IP2=CAN
Mcu.IP3=DAC
Mcu.IP4=SYS
Mcu.IP5=TIM3
Mcu.IP6=USART1
Mcu.IP7=USB
Mcu.IPNb=8
Mcu.Name=STM32F303R(B-C)Tx
Mcu.Package=LQFP64
Mcu.Pin0=PC13
Mcu.Pin1=PC15-OSC32_OUT
Mcu.Pin10=PB1
Mcu.Pin11=PC6
Mcu.Pin12=PC7
Mcu.Pin13=PA9
Mcu.Pin14=PA10
Mcu.Pin15=PA11
Mcu.Pin16=PA12
Mcu.Pin17=PA13
Mcu.Pin18=PA14
Mcu.Pin19=PD2
Mcu.Pin2=PC0
Mcu.Pin20=PB6
Mcu.Pin21=PB8
Mcu.Pin22=PB9
Mcu.Pin3=PC1
Mcu.Pin4=PC2
Mcu.Pin5=PC3
Mcu.Pin6=PA2
Mcu.Pin7=PA3
Mcu.Pin8=PA4
Mcu.Pin9=PB0
Mcu.PinsNb=23
Mcu.UserName=STM32F303R(B-C)Tx
PA10.Mode=Asynchronous
PA10.Signal=USART1_RX
PA11.Mode=Dummy
PA11.Signal=USB_DM
PA12.Mode=Dummy
PA12.Signal=USB_DP
PA13.Mode=Serial-Wire
PA13.Signal=SYS_JTMS-SWDIO
PA14.Mode=Serial-Wire
PA14.Signal=SYS_JTCK-SWCLK
PA2.Signal=TIM2_CH3
PA3.Signal=TIM2_CH4
PA4.Mode=OUT1
PA4.Signal=DAC_OUT1
PA9.Mode=Asynchronous
PA9.Signal=USART1_TX
PB0.Mode=CH12-Single-Ended
PB0.Signal=ADC3_IN12
PB1.Mode=CH1-Single-Ended
PB1.Signal=ADC3_IN1
PB6.Signal=GPIO_Output
PB8.Mode=Master
PB8.Signal=CAN_RX
PB9.Mode=Master
PB9.Signal=CAN_TX
PC0.Mode=CH6-Differential
PC0.Signal=ADC1_IN6
PC1.Mode=CH7-Differential
PC1.Signal=ADC1_IN7
PC13.Signal=GPIO_Output
PC15-OSC32_OUT.Signal=GPIO_Output
PC2.Mode=CH8-Differential
PC2.Signal=ADC1_IN8
PC3.Mode=CH8-Differential
PC3.Signal=ADC1_IN9
PC6.Mode=Encoder-Interface
PC6.Signal=TIM3_CH1
PC7.Mode=Encoder-Interface
PC7.Signal=TIM3_CH2
PD2.Signal=GPIO_Output
